{
  "requires": true,
  "lockfileVersion": 1,
  "dependencies": {
    "lodash": {
      "version": "4.17.11",
      "resolved": "https://registry.npmjs.org/lodash/-/lodash-4.17.11.tgz",
      "integrity": "sha512-cQKh8igo5QUhZ7lg38DYWAxMvjSAKG0A8wGSVimP07SIUEK2UO+arSRKbRZWtelMtN5V0Hkwh5ryOto/SshYIg=="
    },
    "paths-js": {
      "version": "0.4.7",
      "resolved": "https://registry.npmjs.org/paths-js/-/paths-js-0.4.7.tgz",
      "integrity": "sha512-a6pYqToBgB/V7YUHHviYdRq41IcijUjY9XJ1NKu2COrR5eLhrx+HPZ/VL6vC3vyg3z4T6K00wsVMAqTzSR3ppg=="
    },
    "point-in-polygon": {
      "version": "1.0.1",
      "resolved": "https://registry.npmjs.org/point-in-polygon/-/point-in-polygon-1.0.1.tgz",
      "integrity": "sha1-1Ztk6P7kHElFiqyCtWcYxZV7Kvc="
    },
    "react-native-chart-kit": {
      "version": "2.6.1",
      "resolved": "https://registry.npmjs.org/react-native-chart-kit/-/react-native-chart-kit-2.6.1.tgz",
      "integrity": "sha512-o4tH4xJc7RKLdCvLNnD4h54K+GPuP8GxIGJiE8loS/PpkAho+v9uPwd+jST11HabHsaZQvp2TuIPE3VPSIjMVA==",
      "requires": {
        "lodash": "^4.17.11",
        "paths-js": "^0.4.7",
        "point-in-polygon": "^1.0.1"
      }
    }
  }
}
