{
  "requires": true,
  "lockfileVersion": 1,
  "dependencies": {
    "d3-array": {
      "version": "1.2.4",
      "resolved": "https://registry.npmjs.org/d3-array/-/d3-array-1.2.4.tgz",
      "integrity": "sha512-KHW6M86R+FUPYGb3R5XiYjXPq7VzwxZ22buHhAEVG5ztoEcZZMLov530mmccaqA1GghZArjQV46fuc8kUqhhHw=="
    },
    "d3-collection": {
      "version": "1.0.7",
      "resolved": "https://registry.npmjs.org/d3-collection/-/d3-collection-1.0.7.tgz",
      "integrity": "sha512-ii0/r5f4sjKNTfh84Di+DpztYwqKhEyUlKoPrzUFfeSkWxjW49xU2QzO9qrPrNkpdI0XJkfzvmTu8V2Zylln6A=="
    },
    "d3-color": {
      "version": "1.2.3",
      "resolved": "https://registry.npmjs.org/d3-color/-/d3-color-1.2.3.tgz",
      "integrity": "sha512-x37qq3ChOTLd26hnps36lexMRhNXEtVxZ4B25rL0DVdDsGQIJGB18S7y9XDwlDD6MD/ZBzITCf4JjGMM10TZkw=="
    },
    "d3-ease": {
      "version": "1.0.5",
      "resolved": "https://registry.npmjs.org/d3-ease/-/d3-ease-1.0.5.tgz",
      "integrity": "sha512-Ct1O//ly5y5lFM9YTdu+ygq7LleSgSE4oj7vUt9tPLHUi8VCV7QoizGpdWRWAwCO9LdYzIrQDg97+hGVdsSGPQ=="
    },
    "d3-format": {
      "version": "1.3.2",
      "resolved": "https://registry.npmjs.org/d3-format/-/d3-format-1.3.2.tgz",
      "integrity": "sha512-Z18Dprj96ExragQ0DeGi+SYPQ7pPfRMtUXtsg/ChVIKNBCzjO8XYJvRTC1usblx52lqge56V5ect+frYTQc8WQ=="
    },
    "d3-interpolate": {
      "version": "1.3.2",
      "resolved": "https://registry.npmjs.org/d3-interpolate/-/d3-interpolate-1.3.2.tgz",
      "integrity": "sha512-NlNKGopqaz9qM1PXh9gBF1KSCVh+jSFErrSlD/4hybwoNX/gt1d8CDbDW+3i+5UOHhjC6s6nMvRxcuoMVNgL2w==",
      "requires": {
        "d3-color": "1"
      }
    },
    "d3-path": {
      "version": "1.0.7",
      "resolved": "https://registry.npmjs.org/d3-path/-/d3-path-1.0.7.tgz",
      "integrity": "sha512-q0cW1RpvA5c5ma2rch62mX8AYaiLX0+bdaSM2wxSU9tXjU4DNvkx9qiUvjkuWCj3p22UO/hlPivujqMiR9PDzA=="
    },
    "d3-scale": {
      "version": "1.0.7",
      "resolved": "https://registry.npmjs.org/d3-scale/-/d3-scale-1.0.7.tgz",
      "integrity": "sha512-KvU92czp2/qse5tUfGms6Kjig0AhHOwkzXG0+PqIJB3ke0WUv088AHMZI0OssO9NCkXt4RP8yju9rpH8aGB7Lw==",
      "requires": {
        "d3-array": "^1.2.0",
        "d3-collection": "1",
        "d3-color": "1",
        "d3-format": "1",
        "d3-interpolate": "1",
        "d3-time": "1",
        "d3-time-format": "2"
      }
    },
    "d3-shape": {
      "version": "1.3.5",
      "resolved": "https://registry.npmjs.org/d3-shape/-/d3-shape-1.3.5.tgz",
      "integrity": "sha512-VKazVR3phgD+MUCldapHD7P9kcrvPcexeX/PkMJmkUov4JM8IxsSg1DvbYoYich9AtdTsa5nNk2++ImPiDiSxg==",
      "requires": {
        "d3-path": "1"
      }
    },
    "d3-time": {
      "version": "1.0.11",
      "resolved": "https://registry.npmjs.org/d3-time/-/d3-time-1.0.11.tgz",
      "integrity": "sha512-Z3wpvhPLW4vEScGeIMUckDW7+3hWKOQfAWg/U7PlWBnQmeKQ00gCUsTtWSYulrKNA7ta8hJ+xXc6MHrMuITwEw=="
    },
    "d3-time-format": {
      "version": "2.1.3",
      "resolved": "https://registry.npmjs.org/d3-time-format/-/d3-time-format-2.1.3.tgz",
      "integrity": "sha512-6k0a2rZryzGm5Ihx+aFMuO1GgelgIz+7HhB4PH4OEndD5q2zGn1mDfRdNrulspOfR6JXkb2sThhDK41CSK85QA==",
      "requires": {
        "d3-time": "1"
      }
    },
    "d3-timer": {
      "version": "1.0.9",
      "resolved": "https://registry.npmjs.org/d3-timer/-/d3-timer-1.0.9.tgz",
      "integrity": "sha512-rT34J5HnQUHhcLvhSB9GjCkN0Ddd5Y8nCwDBG2u6wQEeYxT/Lf51fTFFkldeib/sE/J0clIe0pnCfs6g/lRbyg=="
    },
    "d3-voronoi": {
      "version": "1.1.4",
      "resolved": "https://registry.npmjs.org/d3-voronoi/-/d3-voronoi-1.1.4.tgz",
      "integrity": "sha512-dArJ32hchFsrQ8uMiTBLq256MpnZjeuBtdHpaDlYuQyjU0CVzCJl/BVW+SkszaAeH95D/8gxqAhgx0ouAWAfRg=="
    },
    "js-tokens": {
      "version": "4.0.0",
      "resolved": "https://registry.npmjs.org/js-tokens/-/js-tokens-4.0.0.tgz",
      "integrity": "sha512-RdJUflcE3cUzKiMqQgsCu06FPu9UdIJO0beYbPhHN4k6apgJtifcoCtT9bcxOpYBtpD2kCM6Sbzg4CausW/PKQ=="
    },
    "lodash": {
      "version": "4.17.11",
      "resolved": "https://registry.npmjs.org/lodash/-/lodash-4.17.11.tgz",
      "integrity": "sha512-cQKh8igo5QUhZ7lg38DYWAxMvjSAKG0A8wGSVimP07SIUEK2UO+arSRKbRZWtelMtN5V0Hkwh5ryOto/SshYIg=="
    },
    "loose-envify": {
      "version": "1.4.0",
      "resolved": "https://registry.npmjs.org/loose-envify/-/loose-envify-1.4.0.tgz",
      "integrity": "sha512-lyuxPGr/Wfhrlem2CL/UcnUc1zcqKAImBDzukY7Y5F/yQiNdko6+fRLevlw1HgMySw7f611UIY408EtxRSoK3Q==",
      "requires": {
        "js-tokens": "^3.0.0 || ^4.0.0"
      }
    },
    "object-assign": {
      "version": "4.1.1",
      "resolved": "https://registry.npmjs.org/object-assign/-/object-assign-4.1.1.tgz",
      "integrity": "sha1-IQmtx5ZYh8/AXLvUQsrIv7s2CGM="
    },
    "prop-types": {
      "version": "15.7.2",
      "resolved": "https://registry.npmjs.org/prop-types/-/prop-types-15.7.2.tgz",
      "integrity": "sha512-8QQikdH7//R2vurIJSutZ1smHYTcLpRWEOlHnzcWHmBYrOGUysKwSsrC89BCiFj3CbrfJ/nXFdJepOVrY1GCHQ==",
      "requires": {
        "loose-envify": "^1.4.0",
        "object-assign": "^4.1.1",
        "react-is": "^16.8.1"
      }
    },
    "react-fast-compare": {
      "version": "2.0.4",
      "resolved": "https://registry.npmjs.org/react-fast-compare/-/react-fast-compare-2.0.4.tgz",
      "integrity": "sha512-suNP+J1VU1MWFKcyt7RtjiSWUjvidmQSlqu+eHslq+342xCbGTYmC0mEhPCOHxlW0CywylOC1u2DFAT+bv4dBw=="
    },
    "react-is": {
      "version": "16.8.6",
      "resolved": "https://registry.npmjs.org/react-is/-/react-is-16.8.6.tgz",
      "integrity": "sha512-aUk3bHfZ2bRSVFFbbeVS4i+lNPZr3/WM5jT2J5omUVV1zzcs1nAaf3l51ctA5FFvCRbhrH0bdAsRRQddFJZPtA=="
    },
    "victory": {
      "version": "32.2.3",
      "resolved": "https://registry.npmjs.org/victory/-/victory-32.2.3.tgz",
      "integrity": "sha512-1jtZHHdQsHLcOJRRszLcKvigcz8KgQ1n8S+gK1QLh8f+TJ5nFtlDA8BXCgAghJq4X6WH9YOh94AO+9gkg+hHqw==",
      "requires": {
        "victory-area": "^32.2.3",
        "victory-axis": "^32.2.3",
        "victory-bar": "^32.2.3",
        "victory-box-plot": "^32.2.3",
        "victory-brush-container": "^32.2.3",
        "victory-brush-line": "^32.2.3",
        "victory-candlestick": "^32.2.3",
        "victory-chart": "^32.2.3",
        "victory-core": "^32.2.3",
        "victory-create-container": "^32.2.3",
        "victory-cursor-container": "^32.2.3",
        "victory-errorbar": "^32.2.3",
        "victory-group": "^32.2.3",
        "victory-legend": "^32.2.3",
        "victory-line": "^32.2.3",
        "victory-pie": "^32.2.3",
        "victory-polar-axis": "^32.2.3",
        "victory-scatter": "^32.2.3",
        "victory-selection-container": "^32.2.3",
        "victory-shared-events": "^32.2.3",
        "victory-stack": "^32.2.3",
        "victory-tooltip": "^32.2.3",
        "victory-voronoi": "^32.2.3",
        "victory-voronoi-container": "^32.2.3",
        "victory-zoom-container": "^32.2.3"
      }
    },
    "victory-area": {
      "version": "32.2.3",
      "resolved": "https://registry.npmjs.org/victory-area/-/victory-area-32.2.3.tgz",
      "integrity": "sha512-KEFQLqr6c/a4/9ssTNxmJw+Ry+TADMY44IAvTxAuz7rxiDEq0G0TkBWxUKCp1hZ2mNLVQ5JKJ3CAk3pWu1usNw==",
      "requires": {
        "d3-shape": "^1.2.0",
        "lodash": "^4.17.5",
        "prop-types": "^15.5.8",
        "victory-core": "^32.2.3"
      }
    },
    "victory-axis": {
      "version": "32.2.3",
      "resolved": "https://registry.npmjs.org/victory-axis/-/victory-axis-32.2.3.tgz",
      "integrity": "sha512-DuxHlwmJzNxQ0I72zRJoe7VWE2us7SKToYmmbQ571ed8S75vJV9627C1zdg7Sb98/8AsQvjXShLK8gfp+fdABA==",
      "requires": {
        "lodash": "^4.17.5",
        "prop-types": "^15.5.8",
        "victory-core": "^32.2.3"
      }
    },
    "victory-bar": {
      "version": "32.2.3",
      "resolved": "https://registry.npmjs.org/victory-bar/-/victory-bar-32.2.3.tgz",
      "integrity": "sha512-SgzAsjcrRMBO3kbchbESxKLhjfALi8unjoC3vn4HDtBx9lK9T9xR1TOSgOlf+a9GXOBU+9QQR4QwdpImZkNueg==",
      "requires": {
        "d3-shape": "^1.2.0",
        "lodash": "^4.17.5",
        "prop-types": "^15.5.8",
        "victory-core": "^32.2.3"
      }
    },
    "victory-box-plot": {
      "version": "32.2.3",
      "resolved": "https://registry.npmjs.org/victory-box-plot/-/victory-box-plot-32.2.3.tgz",
      "integrity": "sha512-gzPsDBR0Gmyu695slYeeWHdmyyOrbSMGcJrlqeFG1AgXRrPHk7qBBhey8p2skOSrsNAKzHNnVkH9qnX/ywf8ag==",
      "requires": {
        "d3-array": "^1.2.0",
        "lodash": "^4.17.5",
        "prop-types": "^15.5.8",
        "victory-core": "^32.2.3"
      }
    },
    "victory-brush-container": {
      "version": "32.2.3",
      "resolved": "https://registry.npmjs.org/victory-brush-container/-/victory-brush-container-32.2.3.tgz",
      "integrity": "sha512-l4c3Nb7gVsGpOGcnLODULO5Yf6521aHe1ZRo9C4ScEUImwNXhoy9g+QoDVFi+SM8WbOTJd4SMGyngStZ87pLGg==",
      "requires": {
        "lodash": "^4.17.5",
        "prop-types": "^15.5.8",
        "victory-core": "^32.2.3"
      }
    },
    "victory-brush-line": {
      "version": "32.2.3",
      "resolved": "https://registry.npmjs.org/victory-brush-line/-/victory-brush-line-32.2.3.tgz",
      "integrity": "sha512-EKcaUddQ9+BFSzjnyFZG4d8VrAK91T63m+TWB9v0Si4S8UnlP8Rsu1EaVd28eGZhgXgJ5nZk1bGsIczOqQnCnQ==",
      "requires": {
        "lodash": "^4.17.5",
        "prop-types": "^15.5.8",
        "victory-core": "^32.2.3"
      }
    },
    "victory-candlestick": {
      "version": "32.2.3",
      "resolved": "https://registry.npmjs.org/victory-candlestick/-/victory-candlestick-32.2.3.tgz",
      "integrity": "sha512-0KW7U1304ZYSI/yGuTPftz2qTJgwCljBFyPD6jo7M+y73o2WTJDLhnZb6Svs5taKmldVsvLw1P9/KZr6rfWkTg==",
      "requires": {
        "lodash": "^4.17.5",
        "prop-types": "^15.5.8",
        "victory-core": "^32.2.3"
      }
    },
    "victory-chart": {
      "version": "32.2.3",
      "resolved": "https://registry.npmjs.org/victory-chart/-/victory-chart-32.2.3.tgz",
      "integrity": "sha512-ECZrYcTK7Ze1156lyeD5Sjj/PrahtQKy+c++egmdUnmYZuYKYfg4WUaiTFGk6+XoYT0tUAxiyhfqWbzP4gSCSQ==",
      "requires": {
        "lodash": "^4.17.5",
        "prop-types": "^15.5.8",
        "react-fast-compare": "^2.0.0",
        "victory-axis": "^32.2.3",
        "victory-core": "^32.2.3",
        "victory-polar-axis": "^32.2.3",
        "victory-shared-events": "^32.2.3"
      }
    },
    "victory-core": {
      "version": "32.2.3",
      "resolved": "https://registry.npmjs.org/victory-core/-/victory-core-32.2.3.tgz",
      "integrity": "sha512-JFASPSrVH9lXwD5CdL59fEVc68waa3FDjqhukKhHsHeH7uDHaIr+3QKcWC36fBt5lzrymDWe5bEeWFWLWQeufw==",
      "requires": {
        "d3-ease": "^1.0.0",
        "d3-interpolate": "^1.1.1",
        "d3-scale": "^1.0.0",
        "d3-shape": "^1.2.0",
        "d3-timer": "^1.0.0",
        "lodash": "^4.17.5",
        "prop-types": "^15.5.8",
        "react-fast-compare": "^2.0.0"
      }
    },
    "victory-create-container": {
      "version": "32.2.3",
      "resolved": "https://registry.npmjs.org/victory-create-container/-/victory-create-container-32.2.3.tgz",
      "integrity": "sha512-RoZdlHSK3xl8r2oCPLpxW+GsYz5wfKmtOokBJQ191Lr7LDpuct26SEADhIoiCqJUfzATpJiHWN5xBOyF0d4Eww==",
      "requires": {
        "lodash": "^4.17.5",
        "victory-brush-container": "^32.2.3",
        "victory-core": "^32.2.3",
        "victory-cursor-container": "^32.2.3",
        "victory-selection-container": "^32.2.3",
        "victory-voronoi-container": "^32.2.3",
        "victory-zoom-container": "^32.2.3"
      }
    },
    "victory-cursor-container": {
      "version": "32.2.3",
      "resolved": "https://registry.npmjs.org/victory-cursor-container/-/victory-cursor-container-32.2.3.tgz",
      "integrity": "sha512-7qAFSscMm5Ze6C8EoWuPk0VVfMpth0NTpsCFgqZ3BWHVBbCUIrU/6mq395pjDIyiDExFAFZrV5puo2gcadWAcw==",
      "requires": {
        "lodash": "^4.17.5",
        "prop-types": "^15.5.8",
        "victory-core": "^32.2.3"
      }
    },
    "victory-errorbar": {
      "version": "32.2.3",
      "resolved": "https://registry.npmjs.org/victory-errorbar/-/victory-errorbar-32.2.3.tgz",
      "integrity": "sha512-ZEDLceGUGbeQYIxHDS6zbHz18bKMA81UCWJ9kxmTHlIywOLuZEXZc1pKDzfV/YX634Wh5zVYrsTnG04WupwjxA==",
      "requires": {
        "lodash": "^4.17.5",
        "prop-types": "^15.5.8",
        "victory-core": "^32.2.3"
      }
    },
    "victory-group": {
      "version": "32.2.3",
      "resolved": "https://registry.npmjs.org/victory-group/-/victory-group-32.2.3.tgz",
      "integrity": "sha512-w/vJnbSedFs8s/yeMOe1DlELKoWNpN5mEnUYjWEJbVq59uuvdKSE6kek/P/0SRvI3OycGP36U1emYVIYMfkfng==",
      "requires": {
        "lodash": "^4.17.5",
        "prop-types": "^15.5.8",
        "react-fast-compare": "^2.0.0",
        "victory-core": "^32.2.3"
      }
    },
    "victory-legend": {
      "version": "32.2.3",
      "resolved": "https://registry.npmjs.org/victory-legend/-/victory-legend-32.2.3.tgz",
      "integrity": "sha512-MA6WTXpT6/b9GLVzZAS0b1vvLjjrHj5iEqYD4OUCrEUctZWKZ0z3z6b0XQ2buewDFavvD6tMlqJBGwCY7byKJA==",
      "requires": {
        "lodash": "^4.17.5",
        "prop-types": "^15.5.8",
        "victory-core": "^32.2.3"
      }
    },
    "victory-line": {
      "version": "32.2.3",
      "resolved": "https://registry.npmjs.org/victory-line/-/victory-line-32.2.3.tgz",
      "integrity": "sha512-xnuR0nt7kNEGXJzPw3J4v3yfnG4Me0QJ7IHA1RKYOIggYrVl6y+tHPwAQIWrq2F1OJQ5yl4K+ypFKLS5MDtTrQ==",
      "requires": {
        "d3-shape": "^1.2.0",
        "lodash": "^4.17.5",
        "prop-types": "^15.5.8",
        "victory-core": "^32.2.3"
      }
    },
    "victory-pie": {
      "version": "32.2.3",
      "resolved": "https://registry.npmjs.org/victory-pie/-/victory-pie-32.2.3.tgz",
      "integrity": "sha512-JHustLMDwfzSOoNSBzdWNezZIUH9YmF1yWPXqtnGn0bgeDQeNrr8QmwATdJuz1DT+nZTV897uBwAiHVTvoX5Yg==",
      "requires": {
        "d3-shape": "^1.0.0",
        "lodash": "^4.17.5",
        "prop-types": "^15.5.8",
        "victory-core": "^32.2.3"
      }
    },
    "victory-polar-axis": {
      "version": "32.2.3",
      "resolved": "https://registry.npmjs.org/victory-polar-axis/-/victory-polar-axis-32.2.3.tgz",
      "integrity": "sha512-jAtB0ic80P3NaM3eaFqRaxT5UVL9SftyYuK+D18s4E2QQQdeED/W8BLmJxh8Sdnun6CZ2iTadrcudA8nVN2QvQ==",
      "requires": {
        "lodash": "^4.17.5",
        "prop-types": "^15.5.8",
        "victory-core": "^32.2.3"
      }
    },
    "victory-scatter": {
      "version": "32.2.3",
      "resolved": "https://registry.npmjs.org/victory-scatter/-/victory-scatter-32.2.3.tgz",
      "integrity": "sha512-LLSHNUHujEuW1eC/PU2zoga6QWEHp7RmvERHdhRcoSD6V448iLIG1ow+ikHmoa+mHay67lximnL+aE/lFamSHQ==",
      "requires": {
        "lodash": "^4.17.5",
        "prop-types": "^15.5.8",
        "victory-core": "^32.2.3"
      }
    },
    "victory-selection-container": {
      "version": "32.2.3",
      "resolved": "https://registry.npmjs.org/victory-selection-container/-/victory-selection-container-32.2.3.tgz",
      "integrity": "sha512-8dXw90iLQc9EZPzmput+9XgmCqUaNLWaG9wYzyXVLs4Y9sSEfUcdTyeQc0vvpN3QMag1r03/yxY2ZCGzpTf1gQ==",
      "requires": {
        "lodash": "^4.17.5",
        "prop-types": "^15.5.8",
        "victory-core": "^32.2.3"
      }
    },
    "victory-shared-events": {
      "version": "32.2.3",
      "resolved": "https://registry.npmjs.org/victory-shared-events/-/victory-shared-events-32.2.3.tgz",
      "integrity": "sha512-bTkaGZhXKPnpA6e7m3gw4wkywpPd5tBoHV7MUjrpbYkupIPnju3ltQBfqfROVghx4Et3NnffGbjHV8nyuDdmsQ==",
      "requires": {
        "lodash": "^4.17.5",
        "prop-types": "^15.5.8",
        "react-fast-compare": "^2.0.0",
        "victory-core": "^32.2.3"
      }
    },
    "victory-stack": {
      "version": "32.2.3",
      "resolved": "https://registry.npmjs.org/victory-stack/-/victory-stack-32.2.3.tgz",
      "integrity": "sha512-KjD1HvGmHaAvP5IYPVkKtjepLvkXbZkyoKPOwWpATkuQ0wYoKh+fyH00wtFyC4AaGM9jKX/jcm1XCwU7xXdP0Q==",
      "requires": {
        "lodash": "^4.17.5",
        "prop-types": "^15.5.8",
        "react-fast-compare": "^2.0.0",
        "victory-core": "^32.2.3"
      }
    },
    "victory-tooltip": {
      "version": "32.2.3",
      "resolved": "https://registry.npmjs.org/victory-tooltip/-/victory-tooltip-32.2.3.tgz",
      "integrity": "sha512-pyJr4gs9/X3NhgJn09sllMqQyqCnxMxkk5Dn2rB/YyeHvAmfLxrvF0uVBg4ptHHmkrDdxZKpT2AvuGHtR2yl3Q==",
      "requires": {
        "lodash": "^4.17.5",
        "prop-types": "^15.5.8",
        "victory-core": "^32.2.3"
      }
    },
    "victory-voronoi": {
      "version": "32.2.3",
      "resolved": "https://registry.npmjs.org/victory-voronoi/-/victory-voronoi-32.2.3.tgz",
      "integrity": "sha512-DUJp/seuhM94ETt/EsP8mEEWkfQvc8P8S/70RTkcW6Xrf5sz6aBP1RdiFS8nEB+0qCgP7deUUvxjeg1VeXnNeQ==",
      "requires": {
        "d3-voronoi": "^1.1.2",
        "lodash": "^4.17.5",
        "prop-types": "^15.5.8",
        "victory-core": "^32.2.3"
      }
    },
    "victory-voronoi-container": {
      "version": "32.2.3",
      "resolved": "https://registry.npmjs.org/victory-voronoi-container/-/victory-voronoi-container-32.2.3.tgz",
      "integrity": "sha512-sMrVF2ybES6Ed9YMjzURGOqKh/MLKCuQrzUZCTBRxNbhXdptjBxaX5JUaLPenjSy1b9m83tvFsc9XYKKSuZxKw==",
      "requires": {
        "d3-voronoi": "^1.1.2",
        "lodash": "^4.17.5",
        "prop-types": "^15.5.8",
        "victory-core": "^32.2.3",
        "victory-tooltip": "^32.2.3"
      }
    },
    "victory-zoom-container": {
      "version": "32.2.3",
      "resolved": "https://registry.npmjs.org/victory-zoom-container/-/victory-zoom-container-32.2.3.tgz",
      "integrity": "sha512-mSx6scjnFB4zfNObyQls450pUYi6ZcRz9+ijGlXfa1uZUkEaIqFAxE41Ne0JUoclmWrQEHUNpnH8U9K4XjbZ0Q==",
      "requires": {
        "lodash": "^4.17.5",
        "prop-types": "^15.5.8",
        "victory-core": "^32.2.3"
      }
    }
  }
}
